
Microsoft Visual Studio Solution File, Format Version 12.00
# Visual Studio Version 16
VisualStudioVersion = 16.0.30804.86
MinimumVisualStudioVersion = 10.0.40219.1
Project("{FAE04EC0-301F-11D3-BF4B-00C04F79EFBC}") = "POMS_Lab2.Android", "POMS_Lab2.Android\POMS_Lab2.Android.csproj", "{FDDA331D-AB54-48DD-A912-9491F9E37F55}"
EndProject
Project("{9A19103F-16F7-4668-BE54-9A1E7A4F7556}") = "POMS_Lab2", "POMS_Lab2\POMS_Lab2.csproj", "{BF2DAB10-50DD-4708-9800-2A1C67EF58E3}"
EndProject
Global
	GlobalSection(SolutionConfigurationPlatforms) = preSolution
		Debug|Any CPU = Debug|Any CPU
		Debug|ARM = Debug|ARM
		Debug|x64 = Debug|x64
		Debug|x86 = Debug|x86
		Release|Any CPU = Release|Any CPU
		Release|ARM = Release|ARM
		Release|x64 = Release|x64
		Release|x86 = Release|x86
	EndGlobalSection
	GlobalSection(ProjectConfigurationPlatforms) = postSolution
		{FDDA331D-AB54-48DD-A912-9491F9E37F55}.Debug|Any CPU.ActiveCfg = Debug|Any CPU
		{FDDA331D-AB54-48DD-A912-9491F9E37F55}.Debug|Any CPU.Build.0 = Debug|Any CPU
		{FDDA331D-AB54-48DD-A912-9491F9E37F55}.Debug|Any CPU.Deploy.0 = Debug|Any CPU
		{FDDA331D-AB54-48DD-A912-9491F9E37F55}.Debug|ARM.ActiveCfg = Debug|Any CPU
		{FDDA331D-AB54-48DD-A912-9491F9E37F55}.Debug|ARM.Build.0 = Debug|Any CPU
		{FDDA331D-AB54-48DD-A912-9491F9E37F55}.Debug|ARM.Deploy.0 = Debug|Any CPU
		{FDDA331D-AB54-48DD-A912-9491F9E37F55}.Debug|x64.ActiveCfg = Debug|Any CPU
		{FDDA331D-AB54-48DD-A912-9491F9E37F55}.Debug|x64.Build.0 = Debug|Any CPU
		{FDDA331D-AB54-48DD-A912-9491F9E37F55}.Debug|x64.Deploy.0 = Debug|Any CPU
		{FDDA331D-AB54-48DD-A912-9491F9E37F55}.Debug|x86.ActiveCfg = Debug|Any CPU
		{FDDA331D-AB54-48DD-A912-9491F9E37F55}.Debug|x86.Build.0 = Debug|Any CPU
		{FDDA331D-AB54-48DD-A912-9491F9E37F55}.Debug|x86.Deploy.0 = Debug|Any CPU
		{FDDA331D-AB54-48DD-A912-9491F9E37F55}.Release|Any CPU.ActiveCfg = Release|Any CPU
		{FDDA331D-AB54-48DD-A912-9491F9E37F55}.Release|Any CPU.Build.0 = Release|Any CPU
		{FDDA331D-AB54-48DD-A912-9491F9E37F55}.Release|Any CPU.Deploy.0 = Release|Any CPU
		{FDDA331D-AB54-48DD-A912-9491F9E37F55}.Release|ARM.ActiveCfg = Release|Any CPU
		{FDDA331D-AB54-48DD-A912-9491F9E37F55}.Release|ARM.Build.0 = Release|Any CPU
		{FDDA331D-AB54-48DD-A912-9491F9E37F55}.Release|ARM.Deploy.0 = Release|Any CPU
		{FDDA331D-AB54-48DD-A912-9491F9E37F55}.Release|x64.ActiveCfg = Release|Any CPU
		{FDDA331D-AB54-48DD-A912-9491F9E37F55}.Release|x64.Build.0 = Release|Any CPU
		{FDDA331D-AB54-48DD-A912-9491F9E37F55}.Release|x64.Deploy.0 = Release|Any CPU
		{FDDA331D-AB54-48DD-A912-9491F9E37F55}.Release|x86.ActiveCfg = Release|Any CPU
		{FDDA331D-AB54-48DD-A912-9491F9E37F55}.Release|x86.Build.0 = Release|Any CPU
		{FDDA331D-AB54-48DD-A912-9491F9E37F55}.Release|x86.Deploy.0 = Release|Any CPU
		{BF2DAB10-50DD-4708-9800-2A1C67EF58E3}.Debug|Any CPU.ActiveCfg = Debug|Any CPU
		{BF2DAB10-50DD-4708-9800-2A1C67EF58E3}.Debug|Any CPU.Build.0 = Debug|Any CPU
		{BF2DAB10-50DD-4708-9800-2A1C67EF58E3}.Debug|Any CPU.Deploy.0 = Debug|Any CPU
		{BF2DAB10-50DD-4708-9800-2A1C67EF58E3}.Debug|ARM.ActiveCfg = Debug|Any CPU
		{BF2DAB10-50DD-4708-9800-2A1C67EF58E3}.Debug|ARM.Build.0 = Debug|Any CPU
		{BF2DAB10-50DD-4708-9800-2A1C67EF58E3}.Debug|ARM.Deploy.0 = Debug|Any CPU
		{BF2DAB10-50DD-4708-9800-2A1C67EF58E3}.Debug|x64.ActiveCfg = Debug|Any CPU
		{BF2DAB10-50DD-4708-9800-2A1C67EF58E3}.Debug|x64.Build.0 = Debug|Any CPU
		{BF2DAB10-50DD-4708-9800-2A1C67EF58E3}.Debug|x64.Deploy.0 = Debug|Any CPU
		{BF2DAB10-50DD-4708-9800-2A1C67EF58E3}.Debug|x86.ActiveCfg = Debug|Any CPU
		{BF2DAB10-50DD-4708-9800-2A1C67EF58E3}.Debug|x86.Build.0 = Debug|Any CPU
		{BF2DAB10-50DD-4708-9800-2A1C67EF58E3}.Debug|x86.Deploy.0 = Debug|Any CPU
		{BF2DAB10-50DD-4708-9800-2A1C67EF58E3}.Release|Any CPU.ActiveCfg = Release|Any CPU
		{BF2DAB10-50DD-4708-9800-2A1C67EF58E3}.Release|Any CPU.Build.0 = Release|Any CPU
		{BF2DAB10-50DD-4708-9800-2A1C67EF58E3}.Release|Any CPU.Deploy.0 = Release|Any CPU
		{BF2DAB10-50DD-4708-9800-2A1C67EF58E3}.Release|ARM.ActiveCfg = Release|Any CPU
		{BF2DAB10-50DD-4708-9800-2A1C67EF58E3}.Release|ARM.Build.0 = Release|Any CPU
		{BF2DAB10-50DD-4708-9800-2A1C67EF58E3}.Release|ARM.Deploy.0 = Release|Any CPU
		{BF2DAB10-50DD-4708-9800-2A1C67EF58E3}.Release|x64.ActiveCfg = Release|Any CPU
		{BF2DAB10-50DD-4708-9800-2A1C67EF58E3}.Release|x64.Build.0 = Release|Any CPU
		{BF2DAB10-50DD-4708-9800-2A1C67EF58E3}.Release|x64.Deploy.0 = Release|Any CPU
		{BF2DAB10-50DD-4708-9800-2A1C67EF58E3}.Release|x86.ActiveCfg = Release|Any CPU
		{BF2DAB10-50DD-4708-9800-2A1C67EF58E3}.Release|x86.Build.0 = Release|Any CPU
		{BF2DAB10-50DD-4708-9800-2A1C67EF58E3}.Release|x86.Deploy.0 = Release|Any CPU
	EndGlobalSection
	GlobalSection(SolutionProperties) = preSolution
		HideSolutionNode = FALSE
	EndGlobalSection
	GlobalSection(ExtensibilityGlobals) = postSolution
		SolutionGuid = {6A3D5166-AB2E-490F-83BC-8B6BA8CA683D}
	EndGlobalSection
EndGlobal
